
Microsoft Visual Studio Solution File, Format Version 12.00
# Visual Studio Version 16
VisualStudioVersion = 16.0.28803.202
MinimumVisualStudioVersion = 10.0.40219.1
Project("{FAE04EC0-301F-11D3-BF4B-00C04F79EFBC}") = "ProjectOne", "ProjectOne\ProjectOne.csproj", "{0156A6C2-75D4-4470-9CE3-F2A7DF0F8C2B}"
EndProject
Global
	GlobalSection(SolutionConfigurationPlatforms) = preSolution
		Debug|Any CPU = Debug|Any CPU
		Release|Any CPU = Release|Any CPU
	EndGlobalSection
	GlobalSection(ProjectConfigurationPlatforms) = postSolution
		{0156A6C2-75D4-4470-9CE3-F2A7DF0F8C2B}.Debug|Any CPU.ActiveCfg = Debug|Any CPU
		{0156A6C2-75D4-4470-9CE3-F2A7DF0F8C2B}.Debug|Any CPU.Build.0 = Debug|Any CPU
		{0156A6C2-75D4-4470-9CE3-F2A7DF0F8C2B}.Release|Any CPU.ActiveCfg = Release|Any CPU
		{0156A6C2-75D4-4470-9CE3-F2A7DF0F8C2B}.Release|Any CPU.Build.0 = Release|Any CPU
	EndGlobalSection
	GlobalSection(SolutionProperties) = preSolution
		HideSolutionNode = FALSE
	EndGlobalSection
	GlobalSection(ExtensibilityGlobals) = postSolution
		SolutionGuid = {2F37C1BE-545C-4115-B016-A49BC42F7617}
	EndGlobalSection
EndGlobal
